
Microsoft Visual Studio Solution File, Format Version 12.00
# Visual Studio Version 17
VisualStudioVersion = 17.10.35027.167
MinimumVisualStudioVersion = 10.0.40219.1
Project("{FAE04EC0-301F-11D3-BF4B-00C04F79EFBC}") = "arka_plan_silme_deneme2", "arka_plan_silme_deneme2\arka_plan_silme_deneme2.csproj", "{276FE0B8-924A-47B2-9B36-21F7206EB126}"
EndProject
Global
	GlobalSection(SolutionConfigurationPlatforms) = preSolution
		Debug|Any CPU = Debug|Any CPU
		Release|Any CPU = Release|Any CPU
	EndGlobalSection
	GlobalSection(ProjectConfigurationPlatforms) = postSolution
		{276FE0B8-924A-47B2-9B36-21F7206EB126}.Debug|Any CPU.ActiveCfg = Debug|Any CPU
		{276FE0B8-924A-47B2-9B36-21F7206EB126}.Debug|Any CPU.Build.0 = Debug|Any CPU
		{276FE0B8-924A-47B2-9B36-21F7206EB126}.Release|Any CPU.ActiveCfg = Release|Any CPU
		{276FE0B8-924A-47B2-9B36-21F7206EB126}.Release|Any CPU.Build.0 = Release|Any CPU
	EndGlobalSection
	GlobalSection(SolutionProperties) = preSolution
		HideSolutionNode = FALSE
	EndGlobalSection
	GlobalSection(ExtensibilityGlobals) = postSolution
		SolutionGuid = {4E9FC2A0-BBA5-46AB-B244-8FB523CF930A}
	EndGlobalSection
EndGlobal
